
Microsoft Visual Studio Solution File, Format Version 12.00
# Visual Studio Version 17
VisualStudioVersion = 17.8.34330.188
MinimumVisualStudioVersion = 10.0.40219.1
Project("{FAE04EC0-301F-11D3-BF4B-00C04F79EFBC}") = "DentesAgendadosAPI", "DentesAgendadosAPI\DentesAgendadosAPI.csproj", "{1D3A8705-0931-4AE3-A76F-BA45A462497E}"
EndProject
Global
	GlobalSection(SolutionConfigurationPlatforms) = preSolution
		Debug|Any CPU = Debug|Any CPU
		Release|Any CPU = Release|Any CPU
	EndGlobalSection
	GlobalSection(ProjectConfigurationPlatforms) = postSolution
		{1D3A8705-0931-4AE3-A76F-BA45A462497E}.Debug|Any CPU.ActiveCfg = Debug|Any CPU
		{1D3A8705-0931-4AE3-A76F-BA45A462497E}.Debug|Any CPU.Build.0 = Debug|Any CPU
		{1D3A8705-0931-4AE3-A76F-BA45A462497E}.Release|Any CPU.ActiveCfg = Release|Any CPU
		{1D3A8705-0931-4AE3-A76F-BA45A462497E}.Release|Any CPU.Build.0 = Release|Any CPU
	EndGlobalSection
	GlobalSection(SolutionProperties) = preSolution
		HideSolutionNode = FALSE
	EndGlobalSection
	GlobalSection(ExtensibilityGlobals) = postSolution
		SolutionGuid = {09733001-F444-4B61-906D-1EDB43338020}
	EndGlobalSection
EndGlobal
